
Microsoft Visual Studio Solution File, Format Version 12.00
Project("{FAE04EC0-301F-11D3-BF4B-00C04F79EFBC}") = "Day01", "Day01\Day01.csproj", "{F443012E-2957-4888-99B2-D56C5D7B76C7}"
EndProject
Project("{FAE04EC0-301F-11D3-BF4B-00C04F79EFBC}") = "Day02", "Day02\Day02.csproj", "{E668F41A-73CC-4F36-A5BA-3A9566450067}"
EndProject
Project("{FAE04EC0-301F-11D3-BF4B-00C04F79EFBC}") = "Day03", "Day03\Day03.csproj", "{49E5F2C7-9700-4966-8511-F1E8501EC081}"
EndProject
Project("{FAE04EC0-301F-11D3-BF4B-00C04F79EFBC}") = "Day04", "Day04\Day04.csproj", "{9A43E304-3E00-4272-AC90-EF2DE48C7859}"
EndProject
Project("{FAE04EC0-301F-11D3-BF4B-00C04F79EFBC}") = "Day05", "Day05\Day05.csproj", "{B6167175-42C5-4ED3-80FF-5CA0585D570C}"
EndProject
Project("{FAE04EC0-301F-11D3-BF4B-00C04F79EFBC}") = "Day06", "Day06\Day06.csproj", "{4787AC7E-32B6-4B07-BABB-3F7081B1E9AC}"
EndProject
Project("{FAE04EC0-301F-11D3-BF4B-00C04F79EFBC}") = "Day07", "Day07\Day07.csproj", "{15F3F255-7740-4364-A240-0688CDB98DA4}"
EndProject
Project("{FAE04EC0-301F-11D3-BF4B-00C04F79EFBC}") = "Day08", "Day08\Day08.csproj", "{18D5AB82-D0F5-4455-99D5-99355CE09D74}"
EndProject
Project("{FAE04EC0-301F-11D3-BF4B-00C04F79EFBC}") = "Day09", "Day09\Day09.csproj", "{E2BCB00B-B769-4B9B-A934-3F08611439F8}"
EndProject
Project("{FAE04EC0-301F-11D3-BF4B-00C04F79EFBC}") = "Day10", "Day10\Day10.csproj", "{0228CE38-8406-4876-840E-5CACA3AE3DE1}"
EndProject
Global
	GlobalSection(SolutionConfigurationPlatforms) = preSolution
		Debug|Any CPU = Debug|Any CPU
		Release|Any CPU = Release|Any CPU
	EndGlobalSection
	GlobalSection(ProjectConfigurationPlatforms) = postSolution
		{F443012E-2957-4888-99B2-D56C5D7B76C7}.Debug|Any CPU.ActiveCfg = Debug|Any CPU
		{F443012E-2957-4888-99B2-D56C5D7B76C7}.Debug|Any CPU.Build.0 = Debug|Any CPU
		{F443012E-2957-4888-99B2-D56C5D7B76C7}.Release|Any CPU.ActiveCfg = Release|Any CPU
		{F443012E-2957-4888-99B2-D56C5D7B76C7}.Release|Any CPU.Build.0 = Release|Any CPU
		{E668F41A-73CC-4F36-A5BA-3A9566450067}.Debug|Any CPU.ActiveCfg = Debug|Any CPU
		{E668F41A-73CC-4F36-A5BA-3A9566450067}.Debug|Any CPU.Build.0 = Debug|Any CPU
		{E668F41A-73CC-4F36-A5BA-3A9566450067}.Release|Any CPU.ActiveCfg = Release|Any CPU
		{E668F41A-73CC-4F36-A5BA-3A9566450067}.Release|Any CPU.Build.0 = Release|Any CPU
		{49E5F2C7-9700-4966-8511-F1E8501EC081}.Debug|Any CPU.ActiveCfg = Debug|Any CPU
		{49E5F2C7-9700-4966-8511-F1E8501EC081}.Debug|Any CPU.Build.0 = Debug|Any CPU
		{49E5F2C7-9700-4966-8511-F1E8501EC081}.Release|Any CPU.ActiveCfg = Release|Any CPU
		{49E5F2C7-9700-4966-8511-F1E8501EC081}.Release|Any CPU.Build.0 = Release|Any CPU
		{9A43E304-3E00-4272-AC90-EF2DE48C7859}.Debug|Any CPU.ActiveCfg = Debug|Any CPU
		{9A43E304-3E00-4272-AC90-EF2DE48C7859}.Debug|Any CPU.Build.0 = Debug|Any CPU
		{9A43E304-3E00-4272-AC90-EF2DE48C7859}.Release|Any CPU.ActiveCfg = Release|Any CPU
		{9A43E304-3E00-4272-AC90-EF2DE48C7859}.Release|Any CPU.Build.0 = Release|Any CPU
		{B6167175-42C5-4ED3-80FF-5CA0585D570C}.Debug|Any CPU.ActiveCfg = Debug|Any CPU
		{B6167175-42C5-4ED3-80FF-5CA0585D570C}.Debug|Any CPU.Build.0 = Debug|Any CPU
		{B6167175-42C5-4ED3-80FF-5CA0585D570C}.Release|Any CPU.ActiveCfg = Release|Any CPU
		{B6167175-42C5-4ED3-80FF-5CA0585D570C}.Release|Any CPU.Build.0 = Release|Any CPU
		{4787AC7E-32B6-4B07-BABB-3F7081B1E9AC}.Debug|Any CPU.ActiveCfg = Debug|Any CPU
		{4787AC7E-32B6-4B07-BABB-3F7081B1E9AC}.Debug|Any CPU.Build.0 = Debug|Any CPU
		{4787AC7E-32B6-4B07-BABB-3F7081B1E9AC}.Release|Any CPU.ActiveCfg = Release|Any CPU
		{4787AC7E-32B6-4B07-BABB-3F7081B1E9AC}.Release|Any CPU.Build.0 = Release|Any CPU
		{15F3F255-7740-4364-A240-0688CDB98DA4}.Debug|Any CPU.ActiveCfg = Debug|Any CPU
		{15F3F255-7740-4364-A240-0688CDB98DA4}.Debug|Any CPU.Build.0 = Debug|Any CPU
		{15F3F255-7740-4364-A240-0688CDB98DA4}.Release|Any CPU.ActiveCfg = Release|Any CPU
		{15F3F255-7740-4364-A240-0688CDB98DA4}.Release|Any CPU.Build.0 = Release|Any CPU
		{18D5AB82-D0F5-4455-99D5-99355CE09D74}.Debug|Any CPU.ActiveCfg = Debug|Any CPU
		{18D5AB82-D0F5-4455-99D5-99355CE09D74}.Debug|Any CPU.Build.0 = Debug|Any CPU
		{18D5AB82-D0F5-4455-99D5-99355CE09D74}.Release|Any CPU.ActiveCfg = Release|Any CPU
		{18D5AB82-D0F5-4455-99D5-99355CE09D74}.Release|Any CPU.Build.0 = Release|Any CPU
		{E2BCB00B-B769-4B9B-A934-3F08611439F8}.Debug|Any CPU.ActiveCfg = Debug|Any CPU
		{E2BCB00B-B769-4B9B-A934-3F08611439F8}.Debug|Any CPU.Build.0 = Debug|Any CPU
		{E2BCB00B-B769-4B9B-A934-3F08611439F8}.Release|Any CPU.ActiveCfg = Release|Any CPU
		{E2BCB00B-B769-4B9B-A934-3F08611439F8}.Release|Any CPU.Build.0 = Release|Any CPU
		{0228CE38-8406-4876-840E-5CACA3AE3DE1}.Debug|Any CPU.ActiveCfg = Debug|Any CPU
		{0228CE38-8406-4876-840E-5CACA3AE3DE1}.Debug|Any CPU.Build.0 = Debug|Any CPU
		{0228CE38-8406-4876-840E-5CACA3AE3DE1}.Release|Any CPU.ActiveCfg = Release|Any CPU
		{0228CE38-8406-4876-840E-5CACA3AE3DE1}.Release|Any CPU.Build.0 = Release|Any CPU
	EndGlobalSection
EndGlobal
